
Microsoft Visual Studio Solution File, Format Version 12.00
# Visual Studio Version 17
VisualStudioVersion = 17.9.34622.214
MinimumVisualStudioVersion = 10.0.40219.1
Project("{FAE04EC0-301F-11D3-BF4B-00C04F79EFBC}") = "Sample3_LinqWindowsForm", "Sample3_LinqWindowsForm.csproj", "{771F7F2A-9726-46D6-84EB-2D561A5B20AC}"
EndProject
Global
	GlobalSection(SolutionConfigurationPlatforms) = preSolution
		Debug|Any CPU = Debug|Any CPU
		Release|Any CPU = Release|Any CPU
	EndGlobalSection
	GlobalSection(ProjectConfigurationPlatforms) = postSolution
		{771F7F2A-9726-46D6-84EB-2D561A5B20AC}.Debug|Any CPU.ActiveCfg = Debug|Any CPU
		{771F7F2A-9726-46D6-84EB-2D561A5B20AC}.Debug|Any CPU.Build.0 = Debug|Any CPU
		{771F7F2A-9726-46D6-84EB-2D561A5B20AC}.Release|Any CPU.ActiveCfg = Release|Any CPU
		{771F7F2A-9726-46D6-84EB-2D561A5B20AC}.Release|Any CPU.Build.0 = Release|Any CPU
	EndGlobalSection
	GlobalSection(SolutionProperties) = preSolution
		HideSolutionNode = FALSE
	EndGlobalSection
	GlobalSection(ExtensibilityGlobals) = postSolution
		SolutionGuid = {2B0C2ED3-14AA-4B00-9069-774A17254F63}
	EndGlobalSection
EndGlobal
